
Microsoft Visual Studio Solution File, Format Version 12.00
# Visual Studio 14
VisualStudioVersion = 14.0.25420.1
MinimumVisualStudioVersion = 10.0.40219.1
Project("{FAE04EC0-301F-11D3-BF4B-00C04F79EFBC}") = "AzureDeployment", "AzureDeployment\AzureDeployment.csproj", "{D06DC0D4-11DD-4FAD-9BE2-C81660A4EBE6}"
EndProject
Project("{FAE04EC0-301F-11D3-BF4B-00C04F79EFBC}") = "AzureDeployment.Test.Unit", "AzureDeployment.Test.Unit\AzureDeployment.Test.Unit.csproj", "{766B5FBB-FCAA-4836-AC9E-D8EDEDC66E9E}"
EndProject
Global
	GlobalSection(SolutionConfigurationPlatforms) = preSolution
		Debug|Any CPU = Debug|Any CPU
		Release|Any CPU = Release|Any CPU
	EndGlobalSection
	GlobalSection(ProjectConfigurationPlatforms) = postSolution
		{D06DC0D4-11DD-4FAD-9BE2-C81660A4EBE6}.Debug|Any CPU.ActiveCfg = Debug|Any CPU
		{D06DC0D4-11DD-4FAD-9BE2-C81660A4EBE6}.Debug|Any CPU.Build.0 = Debug|Any CPU
		{D06DC0D4-11DD-4FAD-9BE2-C81660A4EBE6}.Release|Any CPU.ActiveCfg = Release|Any CPU
		{D06DC0D4-11DD-4FAD-9BE2-C81660A4EBE6}.Release|Any CPU.Build.0 = Release|Any CPU
		{766B5FBB-FCAA-4836-AC9E-D8EDEDC66E9E}.Debug|Any CPU.ActiveCfg = Debug|Any CPU
		{766B5FBB-FCAA-4836-AC9E-D8EDEDC66E9E}.Debug|Any CPU.Build.0 = Debug|Any CPU
		{766B5FBB-FCAA-4836-AC9E-D8EDEDC66E9E}.Release|Any CPU.ActiveCfg = Release|Any CPU
		{766B5FBB-FCAA-4836-AC9E-D8EDEDC66E9E}.Release|Any CPU.Build.0 = Release|Any CPU
	EndGlobalSection
	GlobalSection(SolutionProperties) = preSolution
		HideSolutionNode = FALSE
	EndGlobalSection
EndGlobal
